
Microsoft Visual Studio Solution File, Format Version 12.00
# Visual Studio Version 16
VisualStudioVersion = 16.0.32802.440
MinimumVisualStudioVersion = 10.0.40219.1
Project("{FAE04EC0-301F-11D3-BF4B-00C04F79EFBC}") = "Test_CI_Mobile.Android", "Test_CI_Mobile\Test_CI_Mobile.Android\Test_CI_Mobile.Android.csproj", "{B3C0CF5D-848E-4C71-A530-272E0B158928}"
EndProject
Project("{FAE04EC0-301F-11D3-BF4B-00C04F79EFBC}") = "Test_CI_Mobile.iOS", "Test_CI_Mobile\Test_CI_Mobile.iOS\Test_CI_Mobile.iOS.csproj", "{935A614B-B181-47D2-8781-728ADF08303B}"
EndProject
Project("{FAE04EC0-301F-11D3-BF4B-00C04F79EFBC}") = "Test_CI_Mobile", "Test_CI_Mobile\Test_CI_Mobile\Test_CI_Mobile.csproj", "{13FEE2AB-9B4E-46B1-A1B6-0FBE83ACCC2D}"
EndProject
Global
	GlobalSection(SolutionConfigurationPlatforms) = preSolution
		Debug|Any CPU = Debug|Any CPU
		Debug|iPhone = Debug|iPhone
		Debug|iPhoneSimulator = Debug|iPhoneSimulator
		Release|Any CPU = Release|Any CPU
		Release|iPhone = Release|iPhone
		Release|iPhoneSimulator = Release|iPhoneSimulator
	EndGlobalSection
	GlobalSection(ProjectConfigurationPlatforms) = postSolution
		{B3C0CF5D-848E-4C71-A530-272E0B158928}.Debug|Any CPU.ActiveCfg = Debug|Any CPU
		{B3C0CF5D-848E-4C71-A530-272E0B158928}.Debug|Any CPU.Build.0 = Debug|Any CPU
		{B3C0CF5D-848E-4C71-A530-272E0B158928}.Debug|Any CPU.Deploy.0 = Debug|Any CPU
		{B3C0CF5D-848E-4C71-A530-272E0B158928}.Debug|iPhone.ActiveCfg = Debug|Any CPU
		{B3C0CF5D-848E-4C71-A530-272E0B158928}.Debug|iPhone.Build.0 = Debug|Any CPU
		{B3C0CF5D-848E-4C71-A530-272E0B158928}.Debug|iPhone.Deploy.0 = Debug|Any CPU
		{B3C0CF5D-848E-4C71-A530-272E0B158928}.Debug|iPhoneSimulator.ActiveCfg = Debug|Any CPU
		{B3C0CF5D-848E-4C71-A530-272E0B158928}.Debug|iPhoneSimulator.Build.0 = Debug|Any CPU
		{B3C0CF5D-848E-4C71-A530-272E0B158928}.Debug|iPhoneSimulator.Deploy.0 = Debug|Any CPU
		{B3C0CF5D-848E-4C71-A530-272E0B158928}.Release|Any CPU.ActiveCfg = Release|Any CPU
		{B3C0CF5D-848E-4C71-A530-272E0B158928}.Release|Any CPU.Build.0 = Release|Any CPU
		{B3C0CF5D-848E-4C71-A530-272E0B158928}.Release|Any CPU.Deploy.0 = Release|Any CPU
		{B3C0CF5D-848E-4C71-A530-272E0B158928}.Release|iPhone.ActiveCfg = Release|Any CPU
		{B3C0CF5D-848E-4C71-A530-272E0B158928}.Release|iPhone.Build.0 = Release|Any CPU
		{B3C0CF5D-848E-4C71-A530-272E0B158928}.Release|iPhone.Deploy.0 = Release|Any CPU
		{B3C0CF5D-848E-4C71-A530-272E0B158928}.Release|iPhoneSimulator.ActiveCfg = Release|Any CPU
		{B3C0CF5D-848E-4C71-A530-272E0B158928}.Release|iPhoneSimulator.Build.0 = Release|Any CPU
		{B3C0CF5D-848E-4C71-A530-272E0B158928}.Release|iPhoneSimulator.Deploy.0 = Release|Any CPU
		{935A614B-B181-47D2-8781-728ADF08303B}.Debug|Any CPU.ActiveCfg = Debug|iPhone
		{935A614B-B181-47D2-8781-728ADF08303B}.Debug|Any CPU.Build.0 = Debug|iPhone
		{935A614B-B181-47D2-8781-728ADF08303B}.Debug|Any CPU.Deploy.0 = Debug|iPhone
		{935A614B-B181-47D2-8781-728ADF08303B}.Debug|iPhone.ActiveCfg = Debug|iPhone
		{935A614B-B181-47D2-8781-728ADF08303B}.Debug|iPhone.Build.0 = Debug|iPhone
		{935A614B-B181-47D2-8781-728ADF08303B}.Debug|iPhone.Deploy.0 = Debug|iPhone
		{935A614B-B181-47D2-8781-728ADF08303B}.Debug|iPhoneSimulator.ActiveCfg = Debug|iPhoneSimulator
		{935A614B-B181-47D2-8781-728ADF08303B}.Debug|iPhoneSimulator.Build.0 = Debug|iPhoneSimulator
		{935A614B-B181-47D2-8781-728ADF08303B}.Debug|iPhoneSimulator.Deploy.0 = Debug|iPhoneSimulator
		{935A614B-B181-47D2-8781-728ADF08303B}.Release|Any CPU.ActiveCfg = Release|iPhoneSimulator
		{935A614B-B181-47D2-8781-728ADF08303B}.Release|Any CPU.Build.0 = Release|iPhoneSimulator
		{935A614B-B181-47D2-8781-728ADF08303B}.Release|Any CPU.Deploy.0 = Release|iPhoneSimulator
		{935A614B-B181-47D2-8781-728ADF08303B}.Release|iPhone.ActiveCfg = Release|iPhone
		{935A614B-B181-47D2-8781-728ADF08303B}.Release|iPhone.Build.0 = Release|iPhone
		{935A614B-B181-47D2-8781-728ADF08303B}.Release|iPhone.Deploy.0 = Release|iPhone
		{935A614B-B181-47D2-8781-728ADF08303B}.Release|iPhoneSimulator.ActiveCfg = Release|iPhoneSimulator
		{935A614B-B181-47D2-8781-728ADF08303B}.Release|iPhoneSimulator.Build.0 = Release|iPhoneSimulator
		{935A614B-B181-47D2-8781-728ADF08303B}.Release|iPhoneSimulator.Deploy.0 = Release|iPhoneSimulator
		{13FEE2AB-9B4E-46B1-A1B6-0FBE83ACCC2D}.Debug|Any CPU.ActiveCfg = Debug|Any CPU
		{13FEE2AB-9B4E-46B1-A1B6-0FBE83ACCC2D}.Debug|Any CPU.Build.0 = Debug|Any CPU
		{13FEE2AB-9B4E-46B1-A1B6-0FBE83ACCC2D}.Debug|Any CPU.Deploy.0 = Debug|Any CPU
		{13FEE2AB-9B4E-46B1-A1B6-0FBE83ACCC2D}.Debug|iPhone.ActiveCfg = Debug|Any CPU
		{13FEE2AB-9B4E-46B1-A1B6-0FBE83ACCC2D}.Debug|iPhone.Build.0 = Debug|Any CPU
		{13FEE2AB-9B4E-46B1-A1B6-0FBE83ACCC2D}.Debug|iPhone.Deploy.0 = Debug|Any CPU
		{13FEE2AB-9B4E-46B1-A1B6-0FBE83ACCC2D}.Debug|iPhoneSimulator.ActiveCfg = Debug|Any CPU
		{13FEE2AB-9B4E-46B1-A1B6-0FBE83ACCC2D}.Debug|iPhoneSimulator.Build.0 = Debug|Any CPU
		{13FEE2AB-9B4E-46B1-A1B6-0FBE83ACCC2D}.Debug|iPhoneSimulator.Deploy.0 = Debug|Any CPU
		{13FEE2AB-9B4E-46B1-A1B6-0FBE83ACCC2D}.Release|Any CPU.ActiveCfg = Release|Any CPU
		{13FEE2AB-9B4E-46B1-A1B6-0FBE83ACCC2D}.Release|Any CPU.Build.0 = Release|Any CPU
		{13FEE2AB-9B4E-46B1-A1B6-0FBE83ACCC2D}.Release|Any CPU.Deploy.0 = Release|Any CPU
		{13FEE2AB-9B4E-46B1-A1B6-0FBE83ACCC2D}.Release|iPhone.ActiveCfg = Release|Any CPU
		{13FEE2AB-9B4E-46B1-A1B6-0FBE83ACCC2D}.Release|iPhone.Build.0 = Release|Any CPU
		{13FEE2AB-9B4E-46B1-A1B6-0FBE83ACCC2D}.Release|iPhone.Deploy.0 = Release|Any CPU
		{13FEE2AB-9B4E-46B1-A1B6-0FBE83ACCC2D}.Release|iPhoneSimulator.ActiveCfg = Release|Any CPU
		{13FEE2AB-9B4E-46B1-A1B6-0FBE83ACCC2D}.Release|iPhoneSimulator.Build.0 = Release|Any CPU
		{13FEE2AB-9B4E-46B1-A1B6-0FBE83ACCC2D}.Release|iPhoneSimulator.Deploy.0 = Release|Any CPU
	EndGlobalSection
	GlobalSection(SolutionProperties) = preSolution
		HideSolutionNode = FALSE
	EndGlobalSection
	GlobalSection(ExtensibilityGlobals) = postSolution
		SolutionGuid = {4E95EE00-4E6F-4CF0-89DC-66E949151613}
	EndGlobalSection
EndGlobal
